
Microsoft Visual Studio Solution File, Format Version 12.00
# Visual Studio 15
Project("{FAE04EC0-301F-11D3-BF4B-00C04F79EFBC}") = "Assembly-CSharp-Editor", "Assembly-CSharp-Editor.csproj", "{478A8604-BC7B-F600-1D14-BF71F30A1991}"
EndProject
Project("{FAE04EC0-301F-11D3-BF4B-00C04F79EFBC}") = "Assembly-CSharp", "Assembly-CSharp.csproj", "{33A1AA44-F7DA-E2CF-3E0A-D3889E5392D7}"
EndProject
Global
	GlobalSection(SolutionConfigurationPlatforms) = preSolution
		Debug|Any CPU = Debug|Any CPU
		Release|Any CPU = Release|Any CPU
	EndGlobalSection
	GlobalSection(ProjectConfigurationPlatforms) = postSolution
		{478A8604-BC7B-F600-1D14-BF71F30A1991}.Debug|Any CPU.ActiveCfg = Debug|Any CPU
		{478A8604-BC7B-F600-1D14-BF71F30A1991}.Debug|Any CPU.Build.0 = Debug|Any CPU
		{478A8604-BC7B-F600-1D14-BF71F30A1991}.Release|Any CPU.ActiveCfg = Release|Any CPU
		{478A8604-BC7B-F600-1D14-BF71F30A1991}.Release|Any CPU.Build.0 = Release|Any CPU
		{33A1AA44-F7DA-E2CF-3E0A-D3889E5392D7}.Debug|Any CPU.ActiveCfg = Debug|Any CPU
		{33A1AA44-F7DA-E2CF-3E0A-D3889E5392D7}.Debug|Any CPU.Build.0 = Debug|Any CPU
		{33A1AA44-F7DA-E2CF-3E0A-D3889E5392D7}.Release|Any CPU.ActiveCfg = Release|Any CPU
		{33A1AA44-F7DA-E2CF-3E0A-D3889E5392D7}.Release|Any CPU.Build.0 = Release|Any CPU
	EndGlobalSection
	GlobalSection(SolutionProperties) = preSolution
		HideSolutionNode = FALSE
	EndGlobalSection
EndGlobal
